// !$*UTF8*$!
{
	archiveVersion = 1;
	classes = {
	};
	objectVersion = 55;
	objects = {

/* Begin PBXBuildFile section */
		A5938C83283D53A800C18E17 /* Assets.xcassets in Resources */ = {isa = PBXBuildFile; fileRef = A5938C82283D53A800C18E17 /* Assets.xcassets */; };
		A5938C86283D53A800C18E17 /* LaunchScreen.storyboard in Resources */ = {isa = PBXBuildFile; fileRef = A5938C84283D53A800C18E17 /* LaunchScreen.storyboard */; };
		A5938C95283D5E4400C18E17 /* HomeViewController.swift in Sources */ = {isa = PBXBuildFile; fileRef = A5938C94283D5E4400C18E17 /* HomeViewController.swift */; };
		A5938C97283D5E6100C18E17 /* DiscoverViewController.swift in Sources */ = {isa = PBXBuildFile; fileRef = A5938C96283D5E6100C18E17 /* DiscoverViewController.swift */; };
		A5938C99283D5E7C00C18E17 /* InboxViewController.swift in Sources */ = {isa = PBXBuildFile; fileRef = A5938C98283D5E7C00C18E17 /* InboxViewController.swift */; };
		A5938C9B283D5E9800C18E17 /* MineViewController.swift in Sources */ = {isa = PBXBuildFile; fileRef = A5938C9A283D5E9800C18E17 /* MineViewController.swift */; };
		A5EE5F23283DA875008F646A /* MainTabBar.swift in Sources */ = {isa = PBXBuildFile; fileRef = A5EE5F1F283DA875008F646A /* MainTabBar.swift */; };
		A5EE5F24283DA875008F646A /* MainTabBarController.swift in Sources */ = {isa = PBXBuildFile; fileRef = A5EE5F20283DA875008F646A /* MainTabBarController.swift */; };
		A5EE5F25283DA875008F646A /* AppDelegate.swift in Sources */ = {isa = PBXBuildFile; fileRef = A5EE5F21283DA875008F646A /* AppDelegate.swift */; };
		A5EE5F26283DA875008F646A /* SceneDelegate.swift in Sources */ = {isa = PBXBuildFile; fileRef = A5EE5F22283DA875008F646A /* SceneDelegate.swift */; };
		A5EE5F2B283DD826008F646A /* HomeVideoListController.swift in Sources */ = {isa = PBXBuildFile; fileRef = A5EE5F2A283DD826008F646A /* HomeVideoListController.swift */; };
		A5EE5F2D283DD866008F646A /* HomeVideoListCell.swift in Sources */ = {isa = PBXBuildFile; fileRef = A5EE5F2C283DD866008F646A /* HomeVideoListCell.swift */; };
		D4BC4986A27973ED6FF0603D /* Pods_YannTicTok.framework in Frameworks */ = {isa = PBXBuildFile; fileRef = 83D7F46E9F4B1ACC33B513CD /* Pods_YannTicTok.framework */; };
/* End PBXBuildFile section */

/* Begin PBXFileReference section */
		5682B731902E85291A9F57B1 /* Pods-YannTicTok.release.xcconfig */ = {isa = PBXFileReference; includeInIndex = 1; lastKnownFileType = text.xcconfig; name = "Pods-YannTicTok.release.xcconfig"; path = "Target Support Files/Pods-YannTicTok/Pods-YannTicTok.release.xcconfig"; sourceTree = "<group>"; };
		83D7F46E9F4B1ACC33B513CD /* Pods_YannTicTok.framework */ = {isa = PBXFileReference; explicitFileType = wrapper.framework; includeInIndex = 0; path = Pods_YannTicTok.framework; sourceTree = BUILT_PRODUCTS_DIR; };
		A5938C76283D53A700C18E17 /* YannTicTok.app */ = {isa = PBXFileReference; explicitFileType = wrapper.application; includeInIndex = 0; path = YannTicTok.app; sourceTree = BUILT_PRODUCTS_DIR; };
		A5938C82283D53A800C18E17 /* Assets.xcassets */ = {isa = PBXFileReference; lastKnownFileType = folder.assetcatalog; path = Assets.xcassets; sourceTree = "<group>"; };
		A5938C85283D53A800C18E17 /* Base */ = {isa = PBXFileReference; lastKnownFileType = file.storyboard; name = Base; path = Base.lproj/LaunchScreen.storyboard; sourceTree = "<group>"; };
		A5938C87283D53A800C18E17 /* Info.plist */ = {isa = PBXFileReference; lastKnownFileType = text.plist.xml; path = Info.plist; sourceTree = "<group>"; };
		A5938C94283D5E4400C18E17 /* HomeViewController.swift */ = {isa = PBXFileReference; lastKnownFileType = sourcecode.swift; path = HomeViewController.swift; sourceTree = "<group>"; };
		A5938C96283D5E6100C18E17 /* DiscoverViewController.swift */ = {isa = PBXFileReference; lastKnownFileType = sourcecode.swift; path = DiscoverViewController.swift; sourceTree = "<group>"; };
		A5938C98283D5E7C00C18E17 /* InboxViewController.swift */ = {isa = PBXFileReference; lastKnownFileType = sourcecode.swift; path = InboxViewController.swift; sourceTree = "<group>"; };
		A5938C9A283D5E9800C18E17 /* MineViewController.swift */ = {isa = PBXFileReference; lastKnownFileType = sourcecode.swift; path = MineViewController.swift; sourceTree = "<group>"; };
		A5EE5F1F283DA875008F646A /* MainTabBar.swift */ = {isa = PBXFileReference; fileEncoding = 4; lastKnownFileType = sourcecode.swift; path = MainTabBar.swift; sourceTree = "<group>"; };
		A5EE5F20283DA875008F646A /* MainTabBarController.swift */ = {isa = PBXFileReference; fileEncoding = 4; lastKnownFileType = sourcecode.swift; path = MainTabBarController.swift; sourceTree = "<group>"; };
		A5EE5F21283DA875008F646A /* AppDelegate.swift */ = {isa = PBXFileReference; fileEncoding = 4; lastKnownFileType = sourcecode.swift; path = AppDelegate.swift; sourceTree = "<group>"; };
		A5EE5F22283DA875008F646A /* SceneDelegate.swift */ = {isa = PBXFileReference; fileEncoding = 4; lastKnownFileType = sourcecode.swift; path = SceneDelegate.swift; sourceTree = "<group>"; };
		A5EE5F2A283DD826008F646A /* HomeVideoListController.swift */ = {isa = PBXFileReference; fileEncoding = 4; lastKnownFileType = sourcecode.swift; path = HomeVideoListController.swift; sourceTree = "<group>"; };
		A5EE5F2C283DD866008F646A /* HomeVideoListCell.swift */ = {isa = PBXFileReference; lastKnownFileType = sourcecode.swift; path = HomeVideoListCell.swift; sourceTree = "<group>"; };
		FB788A12529A01EAD71CD5B3 /* Pods-YannTicTok.debug.xcconfig */ = {isa = PBXFileReference; includeInIndex = 1; lastKnownFileType = text.xcconfig; name = "Pods-YannTicTok.debug.xcconfig"; path = "Target Support Files/Pods-YannTicTok/Pods-YannTicTok.debug.xcconfig"; sourceTree = "<group>"; };
/* End PBXFileReference section */

/* Begin PBXFrameworksBuildPhase section */
		A5938C73283D53A700C18E17 /* Frameworks */ = {
			isa = PBXFrameworksBuildPhase;
			buildActionMask = 2147483647;
			files = (
				D4BC4986A27973ED6FF0603D /* Pods_YannTicTok.framework in Frameworks */,
			);
			runOnlyForDeploymentPostprocessing = 0;
		};
/* End PBXFrameworksBuildPhase section */

/* Begin PBXGroup section */
		8EEA80597C839937CDD1A385 /* Pods */ = {
			isa = PBXGroup;
			children = (
				FB788A12529A01EAD71CD5B3 /* Pods-YannTicTok.debug.xcconfig */,
				5682B731902E85291A9F57B1 /* Pods-YannTicTok.release.xcconfig */,
			);
			name = Pods;
			path = Pods;
			sourceTree = "<group>";
		};
		95E0858895F16D79FB320BCB /* Frameworks */ = {
			isa = PBXGroup;
			children = (
				83D7F46E9F4B1ACC33B513CD /* Pods_YannTicTok.framework */,
			);
			name = Frameworks;
			sourceTree = "<group>";
		};
		A5938C6D283D53A700C18E17 = {
			isa = PBXGroup;
			children = (
				A5938C78283D53A700C18E17 /* YannTicTok */,
				A5938C77283D53A700C18E17 /* Products */,
				8EEA80597C839937CDD1A385 /* Pods */,
				95E0858895F16D79FB320BCB /* Frameworks */,
			);
			sourceTree = "<group>";
		};
		A5938C77283D53A700C18E17 /* Products */ = {
			isa = PBXGroup;
			children = (
				A5938C76283D53A700C18E17 /* YannTicTok.app */,
			);
			name = Products;
			sourceTree = "<group>";
		};
		A5938C78283D53A700C18E17 /* YannTicTok */ = {
			isa = PBXGroup;
			children = (
				A5EE5F29283DD826008F646A /* VideoList */,
				A5EE5F1E283DA875008F646A /* Main */,
				A5938C8D283D542700C18E17 /* Resources */,
				A5938C94283D5E4400C18E17 /* HomeViewController.swift */,
				A5938C96283D5E6100C18E17 /* DiscoverViewController.swift */,
				A5938C98283D5E7C00C18E17 /* InboxViewController.swift */,
				A5938C9A283D5E9800C18E17 /* MineViewController.swift */,
			);
			path = YannTicTok;
			sourceTree = "<group>";
		};
		A5938C8D283D542700C18E17 /* Resources */ = {
			isa = PBXGroup;
			children = (
				A5938C82283D53A800C18E17 /* Assets.xcassets */,
				A5938C84283D53A800C18E17 /* LaunchScreen.storyboard */,
				A5938C87283D53A800C18E17 /* Info.plist */,
			);
			path = Resources;
			sourceTree = "<group>";
		};
		A5EE5F1E283DA875008F646A /* Main */ = {
			isa = PBXGroup;
			children = (
				A5EE5F1F283DA875008F646A /* MainTabBar.swift */,
				A5EE5F20283DA875008F646A /* MainTabBarController.swift */,
				A5EE5F21283DA875008F646A /* AppDelegate.swift */,
				A5EE5F22283DA875008F646A /* SceneDelegate.swift */,
			);
			path = Main;
			sourceTree = "<group>";
		};
		A5EE5F29283DD826008F646A /* VideoList */ = {
			isa = PBXGroup;
			children = (
				A5EE5F2A283DD826008F646A /* HomeVideoListController.swift */,
				A5EE5F2C283DD866008F646A /* HomeVideoListCell.swift */,
			);
			path = VideoList;
			sourceTree = "<group>";
		};
/* End PBXGroup section */

/* Begin PBXNativeTarget section */
		A5938C75283D53A700C18E17 /* YannTicTok */ = {
			isa = PBXNativeTarget;
			buildConfigurationList = A5938C8A283D53A800C18E17 /* Build configuration list for PBXNativeTarget "YannTicTok" */;
			buildPhases = (
				5A6DCAC40AB2D9C1B0743E9E /* [CP] Check Pods Manifest.lock */,
				A5938C72283D53A700C18E17 /* Sources */,
				A5938C73283D53A700C18E17 /* Frameworks */,
				A5938C74283D53A700C18E17 /* Resources */,
				D5297335887A175513D1DE15 /* [CP] Embed Pods Frameworks */,
			);
			buildRules = (
			);
			dependencies = (
			);
			name = YannTicTok;
			productName = YannTicTok;
			productReference = A5938C76283D53A700C18E17 /* YannTicTok.app */;
			productType = "com.apple.product-type.application";
		};
/* End PBXNativeTarget section */

/* Begin PBXProject section */
		A5938C6E283D53A700C18E17 /* Project object */ = {
			isa = PBXProject;
			attributes = {
				BuildIndependentTargetsInParallel = 1;
				LastSwiftUpdateCheck = 1300;
				LastUpgradeCheck = 1300;
				TargetAttributes = {
					A5938C75283D53A700C18E17 = {
						CreatedOnToolsVersion = 13.0;
					};
				};
			};
			buildConfigurationList = A5938C71283D53A700C18E17 /* Build configuration list for PBXProject "YannTicTok" */;
			compatibilityVersion = "Xcode 13.0";
			developmentRegion = en;
			hasScannedForEncodings = 0;
			knownRegions = (
				en,
				Base,
			);
			mainGroup = A5938C6D283D53A700C18E17;
			productRefGroup = A5938C77283D53A700C18E17 /* Products */;
			projectDirPath = "";
			projectRoot = "";
			targets = (
				A5938C75283D53A700C18E17 /* YannTicTok */,
			);
		};
/* End PBXProject section */

/* Begin PBXResourcesBuildPhase section */
		A5938C74283D53A700C18E17 /* Resources */ = {
			isa = PBXResourcesBuildPhase;
			buildActionMask = 2147483647;
			files = (
				A5938C86283D53A800C18E17 /* LaunchScreen.storyboard in Resources */,
				A5938C83283D53A800C18E17 /* Assets.xcassets in Resources */,
			);
			runOnlyForDeploymentPostprocessing = 0;
		};
/* End PBXResourcesBuildPhase section */

/* Begin PBXShellScriptBuildPhase section */
		5A6DCAC40AB2D9C1B0743E9E /* [CP] Check Pods Manifest.lock */ = {
			isa = PBXShellScriptBuildPhase;
			buildActionMask = 2147483647;
			files = (
			);
			inputFileListPaths = (
			);
			inputPaths = (
				"${PODS_PODFILE_DIR_PATH}/Podfile.lock",
				"${PODS_ROOT}/Manifest.lock",
			);
			name = "[CP] Check Pods Manifest.lock";
			outputFileListPaths = (
			);
			outputPaths = (
				"$(DERIVED_FILE_DIR)/Pods-YannTicTok-checkManifestLockResult.txt",
			);
			runOnlyForDeploymentPostprocessing = 0;
			shellPath = /bin/sh;
			shellScript = "diff \"${PODS_PODFILE_DIR_PATH}/Podfile.lock\" \"${PODS_ROOT}/Manifest.lock\" > /dev/null\nif [ $? != 0 ] ; then\n    # print error to STDERR\n    echo \"error: The sandbox is not in sync with the Podfile.lock. Run 'pod install' or update your CocoaPods installation.\" >&2\n    exit 1\nfi\n# This output is used by Xcode 'outputs' to avoid re-running this script phase.\necho \"SUCCESS\" > \"${SCRIPT_OUTPUT_FILE_0}\"\n";
			showEnvVarsInLog = 0;
		};
		D5297335887A175513D1DE15 /* [CP] Embed Pods Frameworks */ = {
			isa = PBXShellScriptBuildPhase;
			buildActionMask = 2147483647;
			files = (
			);
			inputFileListPaths = (
				"${PODS_ROOT}/Target Support Files/Pods-YannTicTok/Pods-YannTicTok-frameworks-${CONFIGURATION}-input-files.xcfilelist",
			);
			name = "[CP] Embed Pods Frameworks";
			outputFileListPaths = (
				"${PODS_ROOT}/Target Support Files/Pods-YannTicTok/Pods-YannTicTok-frameworks-${CONFIGURATION}-output-files.xcfilelist",
			);
			runOnlyForDeploymentPostprocessing = 0;
			shellPath = /bin/sh;
			shellScript = "\"${PODS_ROOT}/Target Support Files/Pods-YannTicTok/Pods-YannTicTok-frameworks.sh\"\n";
			showEnvVarsInLog = 0;
		};
/* End PBXShellScriptBuildPhase section */

/* Begin PBXSourcesBuildPhase section */
		A5938C72283D53A700C18E17 /* Sources */ = {
			isa = PBXSourcesBuildPhase;
			buildActionMask = 2147483647;
			files = (
				A5EE5F25283DA875008F646A /* AppDelegate.swift in Sources */,
				A5EE5F23283DA875008F646A /* MainTabBar.swift in Sources */,
				A5EE5F2D283DD866008F646A /* HomeVideoListCell.swift in Sources */,
				A5EE5F26283DA875008F646A /* SceneDelegate.swift in Sources */,
				A5938C99283D5E7C00C18E17 /* InboxViewController.swift in Sources */,
				A5938C95283D5E4400C18E17 /* HomeViewController.swift in Sources */,
				A5EE5F24283DA875008F646A /* MainTabBarController.swift in Sources */,
				A5938C9B283D5E9800C18E17 /* MineViewController.swift in Sources */,
				A5EE5F2B283DD826008F646A /* HomeVideoListController.swift in Sources */,
				A5938C97283D5E6100C18E17 /* DiscoverViewController.swift in Sources */,
			);
			runOnlyForDeploymentPostprocessing = 0;
		};
/* End PBXSourcesBuildPhase section */

/* Begin PBXVariantGroup section */
		A5938C84283D53A800C18E17 /* LaunchScreen.storyboard */ = {
			isa = PBXVariantGroup;
			children = (
				A5938C85283D53A800C18E17 /* Base */,
			);
			name = LaunchScreen.storyboard;
			sourceTree = "<group>";
		};
/* End PBXVariantGroup section */

/* Begin XCBuildConfiguration section */
		A5938C88283D53A800C18E17 /* Debug */ = {
			isa = XCBuildConfiguration;
			buildSettings = {
				ALWAYS_SEARCH_USER_PATHS = NO;
				CLANG_ANALYZER_NONNULL = YES;
				CLANG_ANALYZER_NUMBER_OBJECT_CONVERSION = YES_AGGRESSIVE;
				CLANG_CXX_LANGUAGE_STANDARD = "gnu++17";
				CLANG_CXX_LIBRARY = "libc++";
				CLANG_ENABLE_MODULES = YES;
				CLANG_ENABLE_OBJC_ARC = YES;
				CLANG_ENABLE_OBJC_WEAK = YES;
				CLANG_WARN_BLOCK_CAPTURE_AUTORELEASING = YES;
				CLANG_WARN_BOOL_CONVERSION = YES;
				CLANG_WARN_COMMA = YES;
				CLANG_WARN_CONSTANT_CONVERSION = YES;
				CLANG_WARN_DEPRECATED_OBJC_IMPLEMENTATIONS = YES;
				CLANG_WARN_DIRECT_OBJC_ISA_USAGE = YES_ERROR;
				CLANG_WARN_DOCUMENTATION_COMMENTS = YES;
				CLANG_WARN_EMPTY_BODY = YES;
				CLANG_WARN_ENUM_CONVERSION = YES;
				CLANG_WARN_INFINITE_RECURSION = YES;
				CLANG_WARN_INT_CONVERSION = YES;
				CLANG_WARN_NON_LITERAL_NULL_CONVERSION = YES;
				CLANG_WARN_OBJC_IMPLICIT_RETAIN_SELF = YES;
				CLANG_WARN_OBJC_LITERAL_CONVERSION = YES;
				CLANG_WARN_OBJC_ROOT_CLASS = YES_ERROR;
				CLANG_WARN_QUOTED_INCLUDE_IN_FRAMEWORK_HEADER = YES;
				CLANG_WARN_RANGE_LOOP_ANALYSIS = YES;
				CLANG_WARN_STRICT_PROTOTYPES = YES;
				CLANG_WARN_SUSPICIOUS_MOVE = YES;
				CLANG_WARN_UNGUARDED_AVAILABILITY = YES_AGGRESSIVE;
				CLANG_WARN_UNREACHABLE_CODE = YES;
				CLANG_WARN__DUPLICATE_METHOD_MATCH = YES;
				COPY_PHASE_STRIP = NO;
				DEBUG_INFORMATION_FORMAT = dwarf;
				ENABLE_STRICT_OBJC_MSGSEND = YES;
				ENABLE_TESTABILITY = YES;
				GCC_C_LANGUAGE_STANDARD = gnu11;
				GCC_DYNAMIC_NO_PIC = NO;
				GCC_NO_COMMON_BLOCKS = YES;
				GCC_OPTIMIZATION_LEVEL = 0;
				GCC_PREPROCESSOR_DEFINITIONS = (
					"DEBUG=1",
					"$(inherited)",
				);
				GCC_WARN_64_TO_32_BIT_CONVERSION = YES;
				GCC_WARN_ABOUT_RETURN_TYPE = YES_ERROR;
				GCC_WARN_UNDECLARED_SELECTOR = YES;
				GCC_WARN_UNINITIALIZED_AUTOS = YES_AGGRESSIVE;
				GCC_WARN_UNUSED_FUNCTION = YES;
				GCC_WARN_UNUSED_VARIABLE = YES;
				IPHONEOS_DEPLOYMENT_TARGET = 13.0;
				MTL_ENABLE_DEBUG_INFO = INCLUDE_SOURCE;
				MTL_FAST_MATH = YES;
				ONLY_ACTIVE_ARCH = YES;
				SDKROOT = iphoneos;
				SWIFT_ACTIVE_COMPILATION_CONDITIONS = DEBUG;
				SWIFT_OPTIMIZATION_LEVEL = "-Onone";
			};
			name = Debug;
		};
		A5938C89283D53A800C18E17 /* Release */ = {
			isa = XCBuildConfiguration;
			buildSettings = {
				ALWAYS_SEARCH_USER_PATHS = NO;
				CLANG_ANALYZER_NONNULL = YES;
				CLANG_ANALYZER_NUMBER_OBJECT_CONVERSION = YES_AGGRESSIVE;
				CLANG_CXX_LANGUAGE_STANDARD = "gnu++17";
				CLANG_CXX_LIBRARY = "libc++";
				CLANG_ENABLE_MODULES = YES;
				CLANG_ENABLE_OBJC_ARC = YES;
				CLANG_ENABLE_OBJC_WEAK = YES;
				CLANG_WARN_BLOCK_CAPTURE_AUTORELEASING = YES;
				CLANG_WARN_BOOL_CONVERSION = YES;
				CLANG_WARN_COMMA = YES;
				CLANG_WARN_CONSTANT_CONVERSION = YES;
				CLANG_WARN_DEPRECATED_OBJC_IMPLEMENTATIONS = YES;
				CLANG_WARN_DIRECT_OBJC_ISA_USAGE = YES_ERROR;
				CLANG_WARN_DOCUMENTATION_COMMENTS = YES;
				CLANG_WARN_EMPTY_BODY = YES;
				CLANG_WARN_ENUM_CONVERSION = YES;
				CLANG_WARN_INFINITE_RECURSION = YES;
				CLANG_WARN_INT_CONVERSION = YES;
				CLANG_WARN_NON_LITERAL_NULL_CONVERSION = YES;
				CLANG_WARN_OBJC_IMPLICIT_RETAIN_SELF = YES;
				CLANG_WARN_OBJC_LITERAL_CONVERSION = YES;
				CLANG_WARN_OBJC_ROOT_CLASS = YES_ERROR;
				CLANG_WARN_QUOTED_INCLUDE_IN_FRAMEWORK_HEADER = YES;
				CLANG_WARN_RANGE_LOOP_ANALYSIS = YES;
				CLANG_WARN_STRICT_PROTOTYPES = YES;
				CLANG_WARN_SUSPICIOUS_MOVE = YES;
				CLANG_WARN_UNGUARDED_AVAILABILITY = YES_AGGRESSIVE;
				CLANG_WARN_UNREACHABLE_CODE = YES;
				CLANG_WARN__DUPLICATE_METHOD_MATCH = YES;
				COPY_PHASE_STRIP = NO;
				DEBUG_INFORMATION_FORMAT = "dwarf-with-dsym";
				ENABLE_NS_ASSERTIONS = NO;
				ENABLE_STRICT_OBJC_MSGSEND = YES;
				GCC_C_LANGUAGE_STANDARD = gnu11;
				GCC_NO_COMMON_BLOCKS = YES;
				GCC_WARN_64_TO_32_BIT_CONVERSION = YES;
				GCC_WARN_ABOUT_RETURN_TYPE = YES_ERROR;
				GCC_WARN_UNDECLARED_SELECTOR = YES;
				GCC_WARN_UNINITIALIZED_AUTOS = YES_AGGRESSIVE;
				GCC_WARN_UNUSED_FUNCTION = YES;
				GCC_WARN_UNUSED_VARIABLE = YES;
				IPHONEOS_DEPLOYMENT_TARGET = 13.0;
				MTL_ENABLE_DEBUG_INFO = NO;
				MTL_FAST_MATH = YES;
				SDKROOT = iphoneos;
				SWIFT_COMPILATION_MODE = wholemodule;
				SWIFT_OPTIMIZATION_LEVEL = "-O";
				VALIDATE_PRODUCT = YES;
			};
			name = Release;
		};
		A5938C8B283D53A800C18E17 /* Debug */ = {
			isa = XCBuildConfiguration;
			baseConfigurationReference = FB788A12529A01EAD71CD5B3 /* Pods-YannTicTok.debug.xcconfig */;
			buildSettings = {
				ASSETCATALOG_COMPILER_APPICON_NAME = AppIcon;
				ASSETCATALOG_COMPILER_GLOBAL_ACCENT_COLOR_NAME = AccentColor;
				CODE_SIGN_STYLE = Automatic;
				CURRENT_PROJECT_VERSION = 1;
				DEVELOPMENT_TEAM = KWS4G3Y399;
				GENERATE_INFOPLIST_FILE = YES;
				INFOPLIST_FILE = YannTicTok/Resources/Info.plist;
				INFOPLIST_KEY_UIApplicationSupportsIndirectInputEvents = YES;
				INFOPLIST_KEY_UILaunchStoryboardName = LaunchScreen;
				INFOPLIST_KEY_UISupportedInterfaceOrientations = UIInterfaceOrientationPortrait;
				INFOPLIST_KEY_UISupportedInterfaceOrientations_iPad = "UIInterfaceOrientationPortrait UIInterfaceOrientationPortraitUpsideDown UIInterfaceOrientationLandscapeLeft UIInterfaceOrientationLandscapeRight";
				INFOPLIST_KEY_UISupportedInterfaceOrientations_iPhone = "UIInterfaceOrientationPortrait UIInterfaceOrientationLandscapeLeft UIInterfaceOrientationLandscapeRight";
				LD_RUNPATH_SEARCH_PATHS = (
					"$(inherited)",
					"@executable_path/Frameworks",
				);
				MARKETING_VERSION = 1.0;
				PRODUCT_BUNDLE_IDENTIFIER = com.yannchee.tictok.YannTicTok;
				PRODUCT_NAME = "$(TARGET_NAME)";
				SWIFT_EMIT_LOC_STRINGS = YES;
				SWIFT_VERSION = 5.0;
				TARGETED_DEVICE_FAMILY = 1;
			};
			name = Debug;
		};
		A5938C8C283D53A800C18E17 /* Release */ = {
			isa = XCBuildConfiguration;
			baseConfigurationReference = 5682B731902E85291A9F57B1 /* Pods-YannTicTok.release.xcconfig */;
			buildSettings = {
				ASSETCATALOG_COMPILER_APPICON_NAME = AppIcon;
				ASSETCATALOG_COMPILER_GLOBAL_ACCENT_COLOR_NAME = AccentColor;
				CODE_SIGN_STYLE = Automatic;
				CURRENT_PROJECT_VERSION = 1;
				DEVELOPMENT_TEAM = KWS4G3Y399;
				GENERATE_INFOPLIST_FILE = YES;
				INFOPLIST_FILE = YannTicTok/Resources/Info.plist;
				INFOPLIST_KEY_UIApplicationSupportsIndirectInputEvents = YES;
				INFOPLIST_KEY_UILaunchStoryboardName = LaunchScreen;
				INFOPLIST_KEY_UISupportedInterfaceOrientations = UIInterfaceOrientationPortrait;
				INFOPLIST_KEY_UISupportedInterfaceOrientations_iPad = "UIInterfaceOrientationPortrait UIInterfaceOrientationPortraitUpsideDown UIInterfaceOrientationLandscapeLeft UIInterfaceOrientationLandscapeRight";
				INFOPLIST_KEY_UISupportedInterfaceOrientations_iPhone = "UIInterfaceOrientationPortrait UIInterfaceOrientationLandscapeLeft UIInterfaceOrientationLandscapeRight";
				LD_RUNPATH_SEARCH_PATHS = (
					"$(inherited)",
					"@executable_path/Frameworks",
				);
				MARKETING_VERSION = 1.0;
				PRODUCT_BUNDLE_IDENTIFIER = com.yannchee.tictok.YannTicTok;
				PRODUCT_NAME = "$(TARGET_NAME)";
				SWIFT_EMIT_LOC_STRINGS = YES;
				SWIFT_VERSION = 5.0;
				TARGETED_DEVICE_FAMILY = 1;
			};
			name = Release;
		};
/* End XCBuildConfiguration section */

/* Begin XCConfigurationList section */
		A5938C71283D53A700C18E17 /* Build configuration list for PBXProject "YannTicTok" */ = {
			isa = XCConfigurationList;
			buildConfigurations = (
				A5938C88283D53A800C18E17 /* Debug */,
				A5938C89283D53A800C18E17 /* Release */,
			);
			defaultConfigurationIsVisible = 0;
			defaultConfigurationName = Release;
		};
		A5938C8A283D53A800C18E17 /* Build configuration list for PBXNativeTarget "YannTicTok" */ = {
			isa = XCConfigurationList;
			buildConfigurations = (
				A5938C8B283D53A800C18E17 /* Debug */,
				A5938C8C283D53A800C18E17 /* Release */,
			);
			defaultConfigurationIsVisible = 0;
			defaultConfigurationName = Release;
		};
/* End XCConfigurationList section */
	};
	rootObject = A5938C6E283D53A700C18E17 /* Project object */;
}
